
Microsoft Visual Studio Solution File, Format Version 12.00
# Visual Studio Version 16
VisualStudioVersion = 16.0.31321.278
MinimumVisualStudioVersion = 10.0.40219.1
Project("{9A19103F-16F7-4668-BE54-9A1E7A4F7556}") = "cinemaFunctions1.2", "cinemaFunctions1.2\cinemaFunctions1.2.csproj", "{9DAF02CE-562B-473A-9773-6B91ADCCCBC6}"
EndProject
Project("{9A19103F-16F7-4668-BE54-9A1E7A4F7556}") = "CinemaApp.Tests", "CinemaApp.Tests\CinemaApp.Tests.csproj", "{73E96752-E6CF-4CEF-89A8-5ED14CF2ECD5}"
EndProject
Global
	GlobalSection(SolutionConfigurationPlatforms) = preSolution
		Debug|Any CPU = Debug|Any CPU
		Release|Any CPU = Release|Any CPU
	EndGlobalSection
	GlobalSection(ProjectConfigurationPlatforms) = postSolution
		{9DAF02CE-562B-473A-9773-6B91ADCCCBC6}.Debug|Any CPU.ActiveCfg = Debug|Any CPU
		{9DAF02CE-562B-473A-9773-6B91ADCCCBC6}.Debug|Any CPU.Build.0 = Debug|Any CPU
		{9DAF02CE-562B-473A-9773-6B91ADCCCBC6}.Release|Any CPU.ActiveCfg = Release|Any CPU
		{9DAF02CE-562B-473A-9773-6B91ADCCCBC6}.Release|Any CPU.Build.0 = Release|Any CPU
		{73E96752-E6CF-4CEF-89A8-5ED14CF2ECD5}.Debug|Any CPU.ActiveCfg = Debug|Any CPU
		{73E96752-E6CF-4CEF-89A8-5ED14CF2ECD5}.Debug|Any CPU.Build.0 = Debug|Any CPU
		{73E96752-E6CF-4CEF-89A8-5ED14CF2ECD5}.Release|Any CPU.ActiveCfg = Release|Any CPU
		{73E96752-E6CF-4CEF-89A8-5ED14CF2ECD5}.Release|Any CPU.Build.0 = Release|Any CPU
	EndGlobalSection
	GlobalSection(SolutionProperties) = preSolution
		HideSolutionNode = FALSE
	EndGlobalSection
	GlobalSection(ExtensibilityGlobals) = postSolution
		SolutionGuid = {5AA047F0-B64E-40DE-8EAD-9CD6A62EFBF3}
	EndGlobalSection
EndGlobal
